// !$*UTF8*$!
{
	archiveVersion = 1;
	classes = {
	};
	objectVersion = 46;
	objects = {

/* Begin PBXBuildFile section */
		18A6DC1A1E0319CA00E46457 /* global_init.cpp in Sources */ = {isa = PBXBuildFile; fileRef = 18A6DC181E0319CA00E46457 /* global_init.cpp */; };
		18A6DC271E03306F00E46457 /* EventDispatcher.cpp in Sources */ = {isa = PBXBuildFile; fileRef = 18A6DC251E03306F00E46457 /* EventDispatcher.cpp */; };
		18A6DC2A1E0364D500E46457 /* IterableHashmap.cpp in Sources */ = {isa = PBXBuildFile; fileRef = 18A6DC281E0364D500E46457 /* IterableHashmap.cpp */; };
		18A6DC2D1E03672600E46457 /* Hashmap.cpp in Sources */ = {isa = PBXBuildFile; fileRef = 18A6DC2B1E03672600E46457 /* Hashmap.cpp */; };
		18A6DC301E03673C00E46457 /* GrowArray.cpp in Sources */ = {isa = PBXBuildFile; fileRef = 18A6DC2E1E03673C00E46457 /* GrowArray.cpp */; };
		18A6DC341E03778700E46457 /* RandomSquares.cpp in Sources */ = {isa = PBXBuildFile; fileRef = 18A6DC321E03778700E46457 /* RandomSquares.cpp */; };
		18A6DC391E047D9000E46457 /* CoreEvent.cpp in Sources */ = {isa = PBXBuildFile; fileRef = 18A6DC371E047D9000E46457 /* CoreEvent.cpp */; };
		18A6DC3C1E047EB600E46457 /* EventListener.cpp in Sources */ = {isa = PBXBuildFile; fileRef = 18A6DC3A1E047EB600E46457 /* EventListener.cpp */; };
		18A6DC3F1E047ED300E46457 /* Component.cpp in Sources */ = {isa = PBXBuildFile; fileRef = 18A6DC3D1E047ED300E46457 /* Component.cpp */; };
		18A6DC421E047FEE00E46457 /* Queue.cpp in Sources */ = {isa = PBXBuildFile; fileRef = 18A6DC401E047FEE00E46457 /* Queue.cpp */; };
		18AB706F1C8A3DB20026CDD0 /* ImageIO.framework in Frameworks */ = {isa = PBXBuildFile; fileRef = 18AB706E1C8A3DB20026CDD0 /* ImageIO.framework */; };
		18AB70711C8A3DC90026CDD0 /* MobileCoreServices.framework in Frameworks */ = {isa = PBXBuildFile; fileRef = 18AB70701C8A3DC90026CDD0 /* MobileCoreServices.framework */; };
		18ACF55A1D33D01B00F27AF1 /* LoadFont.cpp in Sources */ = {isa = PBXBuildFile; fileRef = 18ACF5581D33D01B00F27AF1 /* LoadFont.cpp */; };
		18B0EAFA1E030D7D002DE164 /* Core.cpp in Sources */ = {isa = PBXBuildFile; fileRef = 18B0EAF81E030D7D002DE164 /* Core.cpp */; };
		18D4F59D1E0EECBD00349206 /* libSDL2_ttf.a in Frameworks */ = {isa = PBXBuildFile; fileRef = 18D4F59C1E0EEC9F00349206 /* libSDL2_ttf.a */; };
		18D4F5AA1E0EECF100349206 /* libSDL2_image.a in Frameworks */ = {isa = PBXBuildFile; fileRef = 18D4F5A91E0EECE600349206 /* libSDL2_image.a */; };
		18D4F5B21E0EED1700349206 /* libSDL2.a in Frameworks */ = {isa = PBXBuildFile; fileRef = 18D4F5B11E0EED1100349206 /* libSDL2.a */; };
		1D60589F0D05DD5A006BFB54 /* Foundation.framework in Frameworks */ = {isa = PBXBuildFile; fileRef = 1D30AB110D05D00D00671497 /* Foundation.framework */; };
		1DF5F4E00D08C38300B7A737 /* UIKit.framework in Frameworks */ = {isa = PBXBuildFile; fileRef = 1DF5F4DF0D08C38300B7A737 /* UIKit.framework */; };
		28FD15000DC6FC520079059D /* OpenGLES.framework in Frameworks */ = {isa = PBXBuildFile; fileRef = 28FD14FF0DC6FC520079059D /* OpenGLES.framework */; };
		28FD15080DC6FC5B0079059D /* QuartzCore.framework in Frameworks */ = {isa = PBXBuildFile; fileRef = 28FD15070DC6FC5B0079059D /* QuartzCore.framework */; };
		945C4F53195AF17F00DBBF61 /* Default-568h@2x.png in Resources */ = {isa = PBXBuildFile; fileRef = 945C4F52195AF17F00DBBF61 /* Default-568h@2x.png */; };
		FA8B4B97196703B400F8EB7C /* CoreMotion.framework in Frameworks */ = {isa = PBXBuildFile; fileRef = FA8B4B96196703B400F8EB7C /* CoreMotion.framework */; };
		FAE0E9651BAF967F0098DFA4 /* GameController.framework in Frameworks */ = {isa = PBXBuildFile; fileRef = FAE0E9641BAF967F0098DFA4 /* GameController.framework */; };
		FD779EDE0E26BA1200F39101 /* CoreAudio.framework in Frameworks */ = {isa = PBXBuildFile; fileRef = FD779EDD0E26BA1200F39101 /* CoreAudio.framework */; };
		FD77A07D0E26BD8C00F39101 /* Icon.png in Resources */ = {isa = PBXBuildFile; fileRef = FD77A07C0E26BD8C00F39101 /* Icon.png */; };
		FD77A07F0E26BDA900F39101 /* Default.png in Resources */ = {isa = PBXBuildFile; fileRef = FD77A07E0E26BDA900F39101 /* Default.png */; };
		FD77A0850E26BDB800F39101 /* AudioToolbox.framework in Frameworks */ = {isa = PBXBuildFile; fileRef = FD77A0840E26BDB800F39101 /* AudioToolbox.framework */; };
		FD77A09D0E26BDE500F39101 /* main.cpp in Sources */ = {isa = PBXBuildFile; fileRef = FD77A09C0E26BDE500F39101 /* main.cpp */; };
		FDB8BFC60E5A0F6A00980157 /* CoreGraphics.framework in Frameworks */ = {isa = PBXBuildFile; fileRef = FDB8BFC50E5A0F6A00980157 /* CoreGraphics.framework */; };
/* End PBXBuildFile section */

/* Begin PBXContainerItemProxy section */
		18D4F59B1E0EEC9F00349206 /* PBXContainerItemProxy */ = {
			isa = PBXContainerItemProxy;
			containerPortal = 18D4F5971E0EEC9F00349206 /* SDL_ttf.xcodeproj */;
			proxyType = 2;
			remoteGlobalIDString = BE48FD6E07AFA17000BB41DA;
			remoteInfo = "Static Library";
		};
		18D4F5A81E0EECE600349206 /* PBXContainerItemProxy */ = {
			isa = PBXContainerItemProxy;
			containerPortal = 18D4F5A41E0EECE500349206 /* SDL_image.xcodeproj */;
			proxyType = 2;
			remoteGlobalIDString = BE1FA74107AF4C45004B6283;
			remoteInfo = libSDL_image;
		};
		18D4F5B01E0EED1100349206 /* PBXContainerItemProxy */ = {
			isa = PBXContainerItemProxy;
			containerPortal = 18D4F5AB1E0EED1100349206 /* SDL.xcodeproj */;
			proxyType = 2;
			remoteGlobalIDString = FD6526630DE8FCCB002AD96B;
			remoteInfo = libSDL;
		};
/* End PBXContainerItemProxy section */

/* Begin PBXFileReference section */
		18A6DC181E0319CA00E46457 /* global_init.cpp */ = {isa = PBXFileReference; fileEncoding = 4; lastKnownFileType = sourcecode.cpp.cpp; name = global_init.cpp; path = misc_code/global_init.cpp; sourceTree = "<group>"; };
		18A6DC191E0319CA00E46457 /* global_init.hpp */ = {isa = PBXFileReference; fileEncoding = 4; lastKnownFileType = sourcecode.cpp.h; name = global_init.hpp; path = misc_code/global_init.hpp; sourceTree = "<group>"; };
		18A6DC251E03306F00E46457 /* EventDispatcher.cpp */ = {isa = PBXFileReference; fileEncoding = 4; lastKnownFileType = sourcecode.cpp.cpp; name = EventDispatcher.cpp; path = classes/EventDispatcher.cpp; sourceTree = "<group>"; };
		18A6DC261E03306F00E46457 /* EventDispatcher.hpp */ = {isa = PBXFileReference; fileEncoding = 4; lastKnownFileType = sourcecode.cpp.h; name = EventDispatcher.hpp; path = classes/EventDispatcher.hpp; sourceTree = "<group>"; };
		18A6DC281E0364D500E46457 /* IterableHashmap.cpp */ = {isa = PBXFileReference; fileEncoding = 4; lastKnownFileType = sourcecode.cpp.cpp; name = IterableHashmap.cpp; path = classes/IterableHashmap.cpp; sourceTree = "<group>"; };
		18A6DC291E0364D500E46457 /* IterableHashmap.hpp */ = {isa = PBXFileReference; fileEncoding = 4; lastKnownFileType = sourcecode.cpp.h; name = IterableHashmap.hpp; path = classes/IterableHashmap.hpp; sourceTree = "<group>"; };
		18A6DC2B1E03672600E46457 /* Hashmap.cpp */ = {isa = PBXFileReference; fileEncoding = 4; lastKnownFileType = sourcecode.cpp.cpp; name = Hashmap.cpp; path = classes/Hashmap.cpp; sourceTree = "<group>"; };
		18A6DC2C1E03672600E46457 /* Hashmap.hpp */ = {isa = PBXFileReference; fileEncoding = 4; lastKnownFileType = sourcecode.cpp.h; name = Hashmap.hpp; path = classes/Hashmap.hpp; sourceTree = "<group>"; };
		18A6DC2E1E03673C00E46457 /* GrowArray.cpp */ = {isa = PBXFileReference; fileEncoding = 4; lastKnownFileType = sourcecode.cpp.cpp; name = GrowArray.cpp; path = classes/GrowArray.cpp; sourceTree = "<group>"; };
		18A6DC2F1E03673C00E46457 /* GrowArray.hpp */ = {isa = PBXFileReference; fileEncoding = 4; lastKnownFileType = sourcecode.cpp.h; name = GrowArray.hpp; path = classes/GrowArray.hpp; sourceTree = "<group>"; };
		18A6DC321E03778700E46457 /* RandomSquares.cpp */ = {isa = PBXFileReference; fileEncoding = 4; lastKnownFileType = sourcecode.cpp.cpp; name = RandomSquares.cpp; path = test/RandomSquares.cpp; sourceTree = "<group>"; };
		18A6DC331E03778700E46457 /* RandomSquares.hpp */ = {isa = PBXFileReference; fileEncoding = 4; lastKnownFileType = sourcecode.cpp.h; name = RandomSquares.hpp; path = test/RandomSquares.hpp; sourceTree = "<group>"; };
		18A6DC371E047D9000E46457 /* CoreEvent.cpp */ = {isa = PBXFileReference; fileEncoding = 4; lastKnownFileType = sourcecode.cpp.cpp; name = CoreEvent.cpp; path = classes/CoreEvent.cpp; sourceTree = "<group>"; };
		18A6DC381E047D9000E46457 /* CoreEvent.hpp */ = {isa = PBXFileReference; fileEncoding = 4; lastKnownFileType = sourcecode.cpp.h; name = CoreEvent.hpp; path = classes/CoreEvent.hpp; sourceTree = "<group>"; };
		18A6DC3A1E047EB600E46457 /* EventListener.cpp */ = {isa = PBXFileReference; fileEncoding = 4; lastKnownFileType = sourcecode.cpp.cpp; name = EventListener.cpp; path = classes/EventListener.cpp; sourceTree = "<group>"; };
		18A6DC3B1E047EB600E46457 /* EventListener.hpp */ = {isa = PBXFileReference; fileEncoding = 4; lastKnownFileType = sourcecode.cpp.h; name = EventListener.hpp; path = classes/EventListener.hpp; sourceTree = "<group>"; };
		18A6DC3D1E047ED300E46457 /* Component.cpp */ = {isa = PBXFileReference; fileEncoding = 4; lastKnownFileType = sourcecode.cpp.cpp; name = Component.cpp; path = classes/Component.cpp; sourceTree = "<group>"; };
		18A6DC3E1E047ED300E46457 /* Component.hpp */ = {isa = PBXFileReference; fileEncoding = 4; lastKnownFileType = sourcecode.cpp.h; name = Component.hpp; path = classes/Component.hpp; sourceTree = "<group>"; };
		18A6DC401E047FEE00E46457 /* Queue.cpp */ = {isa = PBXFileReference; fileEncoding = 4; lastKnownFileType = sourcecode.cpp.cpp; name = Queue.cpp; path = classes/Queue.cpp; sourceTree = "<group>"; };
		18A6DC411E047FEE00E46457 /* Queue.hpp */ = {isa = PBXFileReference; fileEncoding = 4; lastKnownFileType = sourcecode.cpp.h; name = Queue.hpp; path = classes/Queue.hpp; sourceTree = "<group>"; };
		18AB706E1C8A3DB20026CDD0 /* ImageIO.framework */ = {isa = PBXFileReference; lastKnownFileType = wrapper.framework; name = ImageIO.framework; path = System/Library/Frameworks/ImageIO.framework; sourceTree = SDKROOT; };
		18AB70701C8A3DC90026CDD0 /* MobileCoreServices.framework */ = {isa = PBXFileReference; lastKnownFileType = wrapper.framework; name = MobileCoreServices.framework; path = System/Library/Frameworks/MobileCoreServices.framework; sourceTree = SDKROOT; };
		18ACF5581D33D01B00F27AF1 /* LoadFont.cpp */ = {isa = PBXFileReference; fileEncoding = 4; lastKnownFileType = sourcecode.cpp.cpp; path = LoadFont.cpp; sourceTree = "<group>"; };
		18ACF5591D33D01B00F27AF1 /* LoadFont.hpp */ = {isa = PBXFileReference; fileEncoding = 4; lastKnownFileType = sourcecode.cpp.h; path = LoadFont.hpp; sourceTree = "<group>"; };
		18B0EAF81E030D7D002DE164 /* Core.cpp */ = {isa = PBXFileReference; fileEncoding = 4; lastKnownFileType = sourcecode.cpp.cpp; name = Core.cpp; path = classes/Core.cpp; sourceTree = "<group>"; };
		18B0EAF91E030D7D002DE164 /* Core.hpp */ = {isa = PBXFileReference; fileEncoding = 4; lastKnownFileType = sourcecode.cpp.h; name = Core.hpp; path = classes/Core.hpp; sourceTree = "<group>"; };
		18D4F5971E0EEC9F00349206 /* SDL_ttf.xcodeproj */ = {isa = PBXFileReference; lastKnownFileType = "wrapper.pb-project"; name = SDL_ttf.xcodeproj; path = "SDL_iOS/SDL2_ttf-2.0.14/Xcode-iOS/SDL_ttf.xcodeproj"; sourceTree = "<group>"; };
		18D4F5A41E0EECE500349206 /* SDL_image.xcodeproj */ = {isa = PBXFileReference; lastKnownFileType = "wrapper.pb-project"; name = SDL_image.xcodeproj; path = "SDL_iOS/SDL2_ttf-2.0.14/Xcode-iOS/../../SDL2_image-2.0.1/Xcode-iOS/SDL_image.xcodeproj"; sourceTree = "<group>"; };
		18D4F5AB1E0EED1100349206 /* SDL.xcodeproj */ = {isa = PBXFileReference; lastKnownFileType = "wrapper.pb-project"; name = SDL.xcodeproj; path = "SDL_iOS/SDL2-2.0.4/Xcode-iOS/SDL/SDL.xcodeproj"; sourceTree = "<group>"; };
		1D30AB110D05D00D00671497 /* Foundation.framework */ = {isa = PBXFileReference; lastKnownFileType = wrapper.framework; name = Foundation.framework; path = System/Library/Frameworks/Foundation.framework; sourceTree = SDKROOT; };
		1D6058910D05DD3D006BFB54 /* Cupcake.app */ = {isa = PBXFileReference; explicitFileType = wrapper.application; includeInIndex = 0; path = Cupcake.app; sourceTree = BUILT_PRODUCTS_DIR; };
		1DF5F4DF0D08C38300B7A737 /* UIKit.framework */ = {isa = PBXFileReference; lastKnownFileType = wrapper.framework; name = UIKit.framework; path = System/Library/Frameworks/UIKit.framework; sourceTree = SDKROOT; };
		28FD14FF0DC6FC520079059D /* OpenGLES.framework */ = {isa = PBXFileReference; lastKnownFileType = wrapper.framework; name = OpenGLES.framework; path = System/Library/Frameworks/OpenGLES.framework; sourceTree = SDKROOT; };
		28FD15070DC6FC5B0079059D /* QuartzCore.framework */ = {isa = PBXFileReference; lastKnownFileType = wrapper.framework; name = QuartzCore.framework; path = System/Library/Frameworks/QuartzCore.framework; sourceTree = SDKROOT; };
		8D1107310486CEB800E47090 /* Info.plist */ = {isa = PBXFileReference; fileEncoding = 4; lastKnownFileType = text.plist.xml; path = Info.plist; sourceTree = "<group>"; };
		945C4F52195AF17F00DBBF61 /* Default-568h@2x.png */ = {isa = PBXFileReference; lastKnownFileType = image.png; path = "Default-568h@2x.png"; sourceTree = "<group>"; };
		FA8B4B96196703B400F8EB7C /* CoreMotion.framework */ = {isa = PBXFileReference; lastKnownFileType = wrapper.framework; name = CoreMotion.framework; path = System/Library/Frameworks/CoreMotion.framework; sourceTree = SDKROOT; };
		FAE0E9641BAF967F0098DFA4 /* GameController.framework */ = {isa = PBXFileReference; lastKnownFileType = wrapper.framework; name = GameController.framework; path = System/Library/Frameworks/GameController.framework; sourceTree = SDKROOT; };
		FD779EDD0E26BA1200F39101 /* CoreAudio.framework */ = {isa = PBXFileReference; lastKnownFileType = wrapper.framework; name = CoreAudio.framework; path = System/Library/Frameworks/CoreAudio.framework; sourceTree = SDKROOT; };
		FD77A07C0E26BD8C00F39101 /* Icon.png */ = {isa = PBXFileReference; lastKnownFileType = image.png; path = Icon.png; sourceTree = "<group>"; };
		FD77A07E0E26BDA900F39101 /* Default.png */ = {isa = PBXFileReference; lastKnownFileType = image.png; path = Default.png; sourceTree = "<group>"; };
		FD77A0840E26BDB800F39101 /* AudioToolbox.framework */ = {isa = PBXFileReference; lastKnownFileType = wrapper.framework; name = AudioToolbox.framework; path = System/Library/Frameworks/AudioToolbox.framework; sourceTree = SDKROOT; };
		FD77A09C0E26BDE500F39101 /* main.cpp */ = {isa = PBXFileReference; fileEncoding = 4; lastKnownFileType = sourcecode.cpp.cpp; path = main.cpp; sourceTree = "<group>"; };
		FDB8BFC50E5A0F6A00980157 /* CoreGraphics.framework */ = {isa = PBXFileReference; lastKnownFileType = wrapper.framework; name = CoreGraphics.framework; path = System/Library/Frameworks/CoreGraphics.framework; sourceTree = SDKROOT; };
/* End PBXFileReference section */

/* Begin PBXFrameworksBuildPhase section */
		1D60588F0D05DD3D006BFB54 /* Frameworks */ = {
			isa = PBXFrameworksBuildPhase;
			buildActionMask = 2147483647;
			files = (
				18AB70711C8A3DC90026CDD0 /* MobileCoreServices.framework in Frameworks */,
				28FD15080DC6FC5B0079059D /* QuartzCore.framework in Frameworks */,
				18AB706F1C8A3DB20026CDD0 /* ImageIO.framework in Frameworks */,
				18D4F5B21E0EED1700349206 /* libSDL2.a in Frameworks */,
				18D4F5AA1E0EECF100349206 /* libSDL2_image.a in Frameworks */,
				18D4F59D1E0EECBD00349206 /* libSDL2_ttf.a in Frameworks */,
				FAE0E9651BAF967F0098DFA4 /* GameController.framework in Frameworks */,
				1D60589F0D05DD5A006BFB54 /* Foundation.framework in Frameworks */,
				1DF5F4E00D08C38300B7A737 /* UIKit.framework in Frameworks */,
				28FD15000DC6FC520079059D /* OpenGLES.framework in Frameworks */,
				FD779EDE0E26BA1200F39101 /* CoreAudio.framework in Frameworks */,
				FD77A0850E26BDB800F39101 /* AudioToolbox.framework in Frameworks */,
				FDB8BFC60E5A0F6A00980157 /* CoreGraphics.framework in Frameworks */,
				FA8B4B97196703B400F8EB7C /* CoreMotion.framework in Frameworks */,
			);
			runOnlyForDeploymentPostprocessing = 0;
		};
/* End PBXFrameworksBuildPhase section */

/* Begin PBXGroup section */
		18A6DC311E03732200E46457 /* DataStructs */ = {
			isa = PBXGroup;
			children = (
				18A6DC2F1E03673C00E46457 /* GrowArray.hpp */,
				18A6DC2E1E03673C00E46457 /* GrowArray.cpp */,
				18A6DC401E047FEE00E46457 /* Queue.cpp */,
				18A6DC411E047FEE00E46457 /* Queue.hpp */,
				18A6DC291E0364D500E46457 /* IterableHashmap.hpp */,
				18A6DC281E0364D500E46457 /* IterableHashmap.cpp */,
				18A6DC2C1E03672600E46457 /* Hashmap.hpp */,
				18A6DC2B1E03672600E46457 /* Hashmap.cpp */,
			);
			name = DataStructs;
			sourceTree = "<group>";
		};
		18A6DC351E037AB400E46457 /* Components */ = {
			isa = PBXGroup;
			children = (
				18A6DC261E03306F00E46457 /* EventDispatcher.hpp */,
				18A6DC251E03306F00E46457 /* EventDispatcher.cpp */,
				18A6DC3B1E047EB600E46457 /* EventListener.hpp */,
				18A6DC3A1E047EB600E46457 /* EventListener.cpp */,
				18A6DC3E1E047ED300E46457 /* Component.hpp */,
				18A6DC3D1E047ED300E46457 /* Component.cpp */,
				18A6DC331E03778700E46457 /* RandomSquares.hpp */,
				18A6DC321E03778700E46457 /* RandomSquares.cpp */,
			);
			name = Components;
			sourceTree = "<group>";
		};
		18A6DC361E047D4400E46457 /* Events */ = {
			isa = PBXGroup;
			children = (
				18A6DC381E047D9000E46457 /* CoreEvent.hpp */,
				18A6DC371E047D9000E46457 /* CoreEvent.cpp */,
			);
			name = Events;
			sourceTree = "<group>";
		};
		18D4F5981E0EEC9F00349206 /* Products */ = {
			isa = PBXGroup;
			children = (
				18D4F59C1E0EEC9F00349206 /* libSDL2_ttf.a */,
			);
			name = Products;
			sourceTree = "<group>";
		};
		18D4F5A51E0EECE500349206 /* Products */ = {
			isa = PBXGroup;
			children = (
				18D4F5A91E0EECE600349206 /* libSDL2_image.a */,
			);
			name = Products;
			sourceTree = "<group>";
		};
		18D4F5AC1E0EED1100349206 /* Products */ = {
			isa = PBXGroup;
			children = (
				18D4F5B11E0EED1100349206 /* libSDL2.a */,
			);
			name = Products;
			sourceTree = "<group>";
		};
		19C28FACFE9D520D11CA2CBB /* Products */ = {
			isa = PBXGroup;
			children = (
				1D6058910D05DD3D006BFB54 /* Cupcake.app */,
			);
			name = Products;
			sourceTree = "<group>";
		};
		29B97314FDCFA39411CA2CEA /* CustomTemplate */ = {
			isa = PBXGroup;
			children = (
				945C4F52195AF17F00DBBF61 /* Default-568h@2x.png */,
				29B97315FDCFA39411CA2CEA /* Sources */,
				29B97317FDCFA39411CA2CEA /* Resources */,
				29B97323FDCFA39411CA2CEA /* Frameworks */,
				19C28FACFE9D520D11CA2CBB /* Products */,
			);
			name = CustomTemplate;
			sourceTree = "<group>";
		};
		29B97315FDCFA39411CA2CEA /* Sources */ = {
			isa = PBXGroup;
			children = (
				18D4F5971E0EEC9F00349206 /* SDL_ttf.xcodeproj */,
				18D4F5A41E0EECE500349206 /* SDL_image.xcodeproj */,
				18D4F5AB1E0EED1100349206 /* SDL.xcodeproj */,
				FD77A09C0E26BDE500F39101 /* main.cpp */,
				18B0EAF91E030D7D002DE164 /* Core.hpp */,
				18B0EAF81E030D7D002DE164 /* Core.cpp */,
				18A6DC191E0319CA00E46457 /* global_init.hpp */,
				18A6DC181E0319CA00E46457 /* global_init.cpp */,
				18A6DC311E03732200E46457 /* DataStructs */,
				18A6DC351E037AB400E46457 /* Components */,
				18A6DC361E047D4400E46457 /* Events */,
				18ACF5591D33D01B00F27AF1 /* LoadFont.hpp */,
				18ACF5581D33D01B00F27AF1 /* LoadFont.cpp */,
			);
			name = Sources;
			sourceTree = "<group>";
		};
		29B97317FDCFA39411CA2CEA /* Resources */ = {
			isa = PBXGroup;
			children = (
				FD77A07E0E26BDA900F39101 /* Default.png */,
				FD77A07C0E26BD8C00F39101 /* Icon.png */,
				8D1107310486CEB800E47090 /* Info.plist */,
			);
			name = Resources;
			sourceTree = "<group>";
		};
		29B97323FDCFA39411CA2CEA /* Frameworks */ = {
			isa = PBXGroup;
			children = (
				18AB70701C8A3DC90026CDD0 /* MobileCoreServices.framework */,
				18AB706E1C8A3DB20026CDD0 /* ImageIO.framework */,
				FAE0E9641BAF967F0098DFA4 /* GameController.framework */,
				FA8B4B96196703B400F8EB7C /* CoreMotion.framework */,
				FDB8BFC50E5A0F6A00980157 /* CoreGraphics.framework */,
				FD77A0840E26BDB800F39101 /* AudioToolbox.framework */,
				FD779EDD0E26BA1200F39101 /* CoreAudio.framework */,
				28FD15070DC6FC5B0079059D /* QuartzCore.framework */,
				28FD14FF0DC6FC520079059D /* OpenGLES.framework */,
				1DF5F4DF0D08C38300B7A737 /* UIKit.framework */,
				1D30AB110D05D00D00671497 /* Foundation.framework */,
			);
			name = Frameworks;
			sourceTree = "<group>";
		};
/* End PBXGroup section */

/* Begin PBXNativeTarget section */
		1D6058900D05DD3D006BFB54 /* SLUG */ = {
			isa = PBXNativeTarget;
			buildConfigurationList = 1D6058960D05DD3E006BFB54 /* Build configuration list for PBXNativeTarget "SLUG" */;
			buildPhases = (
				1D60588D0D05DD3D006BFB54 /* Resources */,
				1D60588E0D05DD3D006BFB54 /* Sources */,
				1D60588F0D05DD3D006BFB54 /* Frameworks */,
			);
			buildRules = (
			);
			dependencies = (
			);
			name = SLUG;
			productName = "___PROJECTNAME___";
			productReference = 1D6058910D05DD3D006BFB54 /* Cupcake.app */;
			productType = "com.apple.product-type.application";
		};
/* End PBXNativeTarget section */

/* Begin PBXProject section */
		29B97313FDCFA39411CA2CEA /* Project object */ = {
			isa = PBXProject;
			attributes = {
				LastUpgradeCheck = 0510;
				TargetAttributes = {
					1D6058900D05DD3D006BFB54 = {
						DevelopmentTeam = SHWNS4KX37;
					};
				};
			};
			buildConfigurationList = C01FCF4E08A954540054247B /* Build configuration list for PBXProject "Cupcake" */;
			compatibilityVersion = "Xcode 3.2";
			developmentRegion = English;
			hasScannedForEncodings = 1;
			knownRegions = (
				English,
				Japanese,
				French,
				German,
			);
			mainGroup = 29B97314FDCFA39411CA2CEA /* CustomTemplate */;
			projectDirPath = "";
			projectReferences = (
				{
					ProductGroup = 18D4F5AC1E0EED1100349206 /* Products */;
					ProjectRef = 18D4F5AB1E0EED1100349206 /* SDL.xcodeproj */;
				},
				{
					ProductGroup = 18D4F5A51E0EECE500349206 /* Products */;
					ProjectRef = 18D4F5A41E0EECE500349206 /* SDL_image.xcodeproj */;
				},
				{
					ProductGroup = 18D4F5981E0EEC9F00349206 /* Products */;
					ProjectRef = 18D4F5971E0EEC9F00349206 /* SDL_ttf.xcodeproj */;
				},
			);
			projectRoot = "";
			targets = (
				1D6058900D05DD3D006BFB54 /* SLUG */,
			);
		};
/* End PBXProject section */

/* Begin PBXReferenceProxy section */
		18D4F59C1E0EEC9F00349206 /* libSDL2_ttf.a */ = {
			isa = PBXReferenceProxy;
			fileType = archive.ar;
			path = libSDL2_ttf.a;
			remoteRef = 18D4F59B1E0EEC9F00349206 /* PBXContainerItemProxy */;
			sourceTree = BUILT_PRODUCTS_DIR;
		};
		18D4F5A91E0EECE600349206 /* libSDL2_image.a */ = {
			isa = PBXReferenceProxy;
			fileType = archive.ar;
			path = libSDL2_image.a;
			remoteRef = 18D4F5A81E0EECE600349206 /* PBXContainerItemProxy */;
			sourceTree = BUILT_PRODUCTS_DIR;
		};
		18D4F5B11E0EED1100349206 /* libSDL2.a */ = {
			isa = PBXReferenceProxy;
			fileType = archive.ar;
			path = libSDL2.a;
			remoteRef = 18D4F5B01E0EED1100349206 /* PBXContainerItemProxy */;
			sourceTree = BUILT_PRODUCTS_DIR;
		};
/* End PBXReferenceProxy section */

/* Begin PBXResourcesBuildPhase section */
		1D60588D0D05DD3D006BFB54 /* Resources */ = {
			isa = PBXResourcesBuildPhase;
			buildActionMask = 2147483647;
			files = (
				FD77A07D0E26BD8C00F39101 /* Icon.png in Resources */,
				FD77A07F0E26BDA900F39101 /* Default.png in Resources */,
				945C4F53195AF17F00DBBF61 /* Default-568h@2x.png in Resources */,
			);
			runOnlyForDeploymentPostprocessing = 0;
		};
/* End PBXResourcesBuildPhase section */

/* Begin PBXSourcesBuildPhase section */
		1D60588E0D05DD3D006BFB54 /* Sources */ = {
			isa = PBXSourcesBuildPhase;
			buildActionMask = 2147483647;
			files = (
				18A6DC1A1E0319CA00E46457 /* global_init.cpp in Sources */,
				18A6DC3F1E047ED300E46457 /* Component.cpp in Sources */,
				18A6DC421E047FEE00E46457 /* Queue.cpp in Sources */,
				18B0EAFA1E030D7D002DE164 /* Core.cpp in Sources */,
				18A6DC301E03673C00E46457 /* GrowArray.cpp in Sources */,
				18A6DC341E03778700E46457 /* RandomSquares.cpp in Sources */,
				FD77A09D0E26BDE500F39101 /* main.cpp in Sources */,
				18A6DC2A1E0364D500E46457 /* IterableHashmap.cpp in Sources */,
				18A6DC3C1E047EB600E46457 /* EventListener.cpp in Sources */,
				18A6DC391E047D9000E46457 /* CoreEvent.cpp in Sources */,
				18A6DC271E03306F00E46457 /* EventDispatcher.cpp in Sources */,
				18ACF55A1D33D01B00F27AF1 /* LoadFont.cpp in Sources */,
				18A6DC2D1E03672600E46457 /* Hashmap.cpp in Sources */,
			);
			runOnlyForDeploymentPostprocessing = 0;
		};
/* End PBXSourcesBuildPhase section */

/* Begin XCBuildConfiguration section */
		1D6058940D05DD3E006BFB54 /* Debug */ = {
			isa = XCBuildConfiguration;
			buildSettings = {
				ALWAYS_SEARCH_USER_PATHS = NO;
				CODE_SIGN_IDENTITY = "iPhone Developer";
				"CODE_SIGN_IDENTITY[sdk=iphoneos*]" = "iPhone Developer";
				COPY_PHASE_STRIP = NO;
				DEVELOPMENT_TEAM = SHWNS4KX37;
				GCC_DYNAMIC_NO_PIC = NO;
				GCC_OPTIMIZATION_LEVEL = 0;
				GCC_PRECOMPILE_PREFIX_HEADER = YES;
				GCC_PREFIX_HEADER = "";
				INFOPLIST_FILE = Info.plist;
				IPHONEOS_DEPLOYMENT_TARGET = 5.1;
				LIBRARY_SEARCH_PATHS = (
					"$(inherited)",
					"/Users/zythlander/Documents/Projects/SDL2-2.0.4/Xcode-iOS/Template",
				);
				PRODUCT_BUNDLE_IDENTIFIER = com.yourcompany.Cupcake;
				PRODUCT_NAME = Cupcake;
				PROVISIONING_PROFILE = "";
				USER_HEADER_SEARCH_PATHS = "./SDL_iOS/SDL2_ttf-2.0.14 ./SDL_iOS/SDL2-2.0.4/include";
			};
			name = Debug;
		};
		1D6058950D05DD3E006BFB54 /* Release */ = {
			isa = XCBuildConfiguration;
			buildSettings = {
				ALWAYS_SEARCH_USER_PATHS = NO;
				CODE_SIGN_IDENTITY = "iPhone Developer";
				"CODE_SIGN_IDENTITY[sdk=iphoneos*]" = "iPhone Developer";
				COPY_PHASE_STRIP = YES;
				DEVELOPMENT_TEAM = SHWNS4KX37;
				GCC_PRECOMPILE_PREFIX_HEADER = YES;
				GCC_PREFIX_HEADER = "";
				INFOPLIST_FILE = Info.plist;
				IPHONEOS_DEPLOYMENT_TARGET = 5.1;
				LIBRARY_SEARCH_PATHS = (
					"$(inherited)",
					"/Users/zythlander/Documents/Projects/SDL2-2.0.4/Xcode-iOS/Template",
				);
				PRODUCT_BUNDLE_IDENTIFIER = com.yourcompany.Cupcake;
				PRODUCT_NAME = Cupcake;
				PROVISIONING_PROFILE = "";
				USER_HEADER_SEARCH_PATHS = "./SDL_iOS/SDL2_ttf-2.0.14 ./SDL_iOS/SDL2-2.0.4/include";
			};
			name = Release;
		};
		C01FCF4F08A954540054247B /* Debug */ = {
			isa = XCBuildConfiguration;
			buildSettings = {
				"CODE_SIGN_IDENTITY[sdk=iphoneos*]" = "iPhone Developer";
				ENABLE_BITCODE = NO;
				GCC_C_LANGUAGE_STANDARD = c99;
				GCC_WARN_ABOUT_RETURN_TYPE = YES;
				GCC_WARN_UNUSED_VARIABLE = YES;
				ONLY_ACTIVE_ARCH = YES;
				OTHER_CFLAGS = "";
				PREBINDING = NO;
				SDKROOT = iphoneos;
			};
			name = Debug;
		};
		C01FCF5008A954540054247B /* Release */ = {
			isa = XCBuildConfiguration;
			buildSettings = {
				"CODE_SIGN_IDENTITY[sdk=iphoneos*]" = "iPhone Developer";
				ENABLE_BITCODE = NO;
				GCC_C_LANGUAGE_STANDARD = c99;
				GCC_WARN_ABOUT_RETURN_TYPE = YES;
				GCC_WARN_UNUSED_VARIABLE = YES;
				OTHER_CFLAGS = "";
				PREBINDING = NO;
				SDKROOT = iphoneos;
			};
			name = Release;
		};
/* End XCBuildConfiguration section */

/* Begin XCConfigurationList section */
		1D6058960D05DD3E006BFB54 /* Build configuration list for PBXNativeTarget "SLUG" */ = {
			isa = XCConfigurationList;
			buildConfigurations = (
				1D6058940D05DD3E006BFB54 /* Debug */,
				1D6058950D05DD3E006BFB54 /* Release */,
			);
			defaultConfigurationIsVisible = 0;
			defaultConfigurationName = Release;
		};
		C01FCF4E08A954540054247B /* Build configuration list for PBXProject "Cupcake" */ = {
			isa = XCConfigurationList;
			buildConfigurations = (
				C01FCF4F08A954540054247B /* Debug */,
				C01FCF5008A954540054247B /* Release */,
			);
			defaultConfigurationIsVisible = 0;
			defaultConfigurationName = Release;
		};
/* End XCConfigurationList section */
	};
	rootObject = 29B97313FDCFA39411CA2CEA /* Project object */;
}
